
Microsoft Visual Studio Solution File, Format Version 12.00
# Visual Studio Version 16
VisualStudioVersion = 16.0.30320.27
MinimumVisualStudioVersion = 10.0.40219.1
Project("{FAE04EC0-301F-11D3-BF4B-00C04F79EFBC}") = "TravelRecordApp.Android", "TravelRecordApp\TravelRecordApp.Android\TravelRecordApp.Android.csproj", "{E1E4FEE2-2C58-4F62-8598-713521680576}"
EndProject
Project("{FAE04EC0-301F-11D3-BF4B-00C04F79EFBC}") = "TravelRecordApp.iOS", "TravelRecordApp\TravelRecordApp.iOS\TravelRecordApp.iOS.csproj", "{24CD15B2-6C70-444E-851A-F661AA437EA9}"
EndProject
Project("{FAE04EC0-301F-11D3-BF4B-00C04F79EFBC}") = "TravelRecordApp", "TravelRecordApp\TravelRecordApp\TravelRecordApp.csproj", "{48520BB9-8272-4720-9B68-13E2F782AA0A}"
EndProject
Global
	GlobalSection(SolutionConfigurationPlatforms) = preSolution
		Debug|Any CPU = Debug|Any CPU
		Debug|iPhone = Debug|iPhone
		Debug|iPhoneSimulator = Debug|iPhoneSimulator
		Release|Any CPU = Release|Any CPU
		Release|iPhone = Release|iPhone
		Release|iPhoneSimulator = Release|iPhoneSimulator
	EndGlobalSection
	GlobalSection(ProjectConfigurationPlatforms) = postSolution
		{E1E4FEE2-2C58-4F62-8598-713521680576}.Debug|Any CPU.ActiveCfg = Debug|Any CPU
		{E1E4FEE2-2C58-4F62-8598-713521680576}.Debug|Any CPU.Build.0 = Debug|Any CPU
		{E1E4FEE2-2C58-4F62-8598-713521680576}.Debug|Any CPU.Deploy.0 = Debug|Any CPU
		{E1E4FEE2-2C58-4F62-8598-713521680576}.Debug|iPhone.ActiveCfg = Debug|Any CPU
		{E1E4FEE2-2C58-4F62-8598-713521680576}.Debug|iPhone.Build.0 = Debug|Any CPU
		{E1E4FEE2-2C58-4F62-8598-713521680576}.Debug|iPhone.Deploy.0 = Debug|Any CPU
		{E1E4FEE2-2C58-4F62-8598-713521680576}.Debug|iPhoneSimulator.ActiveCfg = Debug|Any CPU
		{E1E4FEE2-2C58-4F62-8598-713521680576}.Debug|iPhoneSimulator.Build.0 = Debug|Any CPU
		{E1E4FEE2-2C58-4F62-8598-713521680576}.Debug|iPhoneSimulator.Deploy.0 = Debug|Any CPU
		{E1E4FEE2-2C58-4F62-8598-713521680576}.Release|Any CPU.ActiveCfg = Release|Any CPU
		{E1E4FEE2-2C58-4F62-8598-713521680576}.Release|Any CPU.Build.0 = Release|Any CPU
		{E1E4FEE2-2C58-4F62-8598-713521680576}.Release|Any CPU.Deploy.0 = Release|Any CPU
		{E1E4FEE2-2C58-4F62-8598-713521680576}.Release|iPhone.ActiveCfg = Release|Any CPU
		{E1E4FEE2-2C58-4F62-8598-713521680576}.Release|iPhone.Build.0 = Release|Any CPU
		{E1E4FEE2-2C58-4F62-8598-713521680576}.Release|iPhone.Deploy.0 = Release|Any CPU
		{E1E4FEE2-2C58-4F62-8598-713521680576}.Release|iPhoneSimulator.ActiveCfg = Release|Any CPU
		{E1E4FEE2-2C58-4F62-8598-713521680576}.Release|iPhoneSimulator.Build.0 = Release|Any CPU
		{E1E4FEE2-2C58-4F62-8598-713521680576}.Release|iPhoneSimulator.Deploy.0 = Release|Any CPU
		{24CD15B2-6C70-444E-851A-F661AA437EA9}.Debug|Any CPU.ActiveCfg = Debug|iPhone
		{24CD15B2-6C70-444E-851A-F661AA437EA9}.Debug|Any CPU.Build.0 = Debug|iPhone
		{24CD15B2-6C70-444E-851A-F661AA437EA9}.Debug|Any CPU.Deploy.0 = Debug|iPhone
		{24CD15B2-6C70-444E-851A-F661AA437EA9}.Debug|iPhone.ActiveCfg = Debug|iPhone
		{24CD15B2-6C70-444E-851A-F661AA437EA9}.Debug|iPhone.Build.0 = Debug|iPhone
		{24CD15B2-6C70-444E-851A-F661AA437EA9}.Debug|iPhone.Deploy.0 = Debug|iPhone
		{24CD15B2-6C70-444E-851A-F661AA437EA9}.Debug|iPhoneSimulator.ActiveCfg = Debug|iPhoneSimulator
		{24CD15B2-6C70-444E-851A-F661AA437EA9}.Debug|iPhoneSimulator.Build.0 = Debug|iPhoneSimulator
		{24CD15B2-6C70-444E-851A-F661AA437EA9}.Debug|iPhoneSimulator.Deploy.0 = Debug|iPhoneSimulator
		{24CD15B2-6C70-444E-851A-F661AA437EA9}.Release|Any CPU.ActiveCfg = Release|iPhone
		{24CD15B2-6C70-444E-851A-F661AA437EA9}.Release|Any CPU.Build.0 = Release|iPhone
		{24CD15B2-6C70-444E-851A-F661AA437EA9}.Release|Any CPU.Deploy.0 = Release|iPhone
		{24CD15B2-6C70-444E-851A-F661AA437EA9}.Release|iPhone.ActiveCfg = Release|iPhone
		{24CD15B2-6C70-444E-851A-F661AA437EA9}.Release|iPhone.Build.0 = Release|iPhone
		{24CD15B2-6C70-444E-851A-F661AA437EA9}.Release|iPhone.Deploy.0 = Release|iPhone
		{24CD15B2-6C70-444E-851A-F661AA437EA9}.Release|iPhoneSimulator.ActiveCfg = Release|iPhoneSimulator
		{24CD15B2-6C70-444E-851A-F661AA437EA9}.Release|iPhoneSimulator.Build.0 = Release|iPhoneSimulator
		{24CD15B2-6C70-444E-851A-F661AA437EA9}.Release|iPhoneSimulator.Deploy.0 = Release|iPhoneSimulator
		{48520BB9-8272-4720-9B68-13E2F782AA0A}.Debug|Any CPU.ActiveCfg = Debug|Any CPU
		{48520BB9-8272-4720-9B68-13E2F782AA0A}.Debug|Any CPU.Build.0 = Debug|Any CPU
		{48520BB9-8272-4720-9B68-13E2F782AA0A}.Debug|Any CPU.Deploy.0 = Debug|Any CPU
		{48520BB9-8272-4720-9B68-13E2F782AA0A}.Debug|iPhone.ActiveCfg = Debug|Any CPU
		{48520BB9-8272-4720-9B68-13E2F782AA0A}.Debug|iPhone.Build.0 = Debug|Any CPU
		{48520BB9-8272-4720-9B68-13E2F782AA0A}.Debug|iPhone.Deploy.0 = Debug|Any CPU
		{48520BB9-8272-4720-9B68-13E2F782AA0A}.Debug|iPhoneSimulator.ActiveCfg = Debug|Any CPU
		{48520BB9-8272-4720-9B68-13E2F782AA0A}.Debug|iPhoneSimulator.Build.0 = Debug|Any CPU
		{48520BB9-8272-4720-9B68-13E2F782AA0A}.Debug|iPhoneSimulator.Deploy.0 = Debug|Any CPU
		{48520BB9-8272-4720-9B68-13E2F782AA0A}.Release|Any CPU.ActiveCfg = Release|Any CPU
		{48520BB9-8272-4720-9B68-13E2F782AA0A}.Release|Any CPU.Build.0 = Release|Any CPU
		{48520BB9-8272-4720-9B68-13E2F782AA0A}.Release|Any CPU.Deploy.0 = Release|Any CPU
		{48520BB9-8272-4720-9B68-13E2F782AA0A}.Release|iPhone.ActiveCfg = Release|Any CPU
		{48520BB9-8272-4720-9B68-13E2F782AA0A}.Release|iPhone.Build.0 = Release|Any CPU
		{48520BB9-8272-4720-9B68-13E2F782AA0A}.Release|iPhone.Deploy.0 = Release|Any CPU
		{48520BB9-8272-4720-9B68-13E2F782AA0A}.Release|iPhoneSimulator.ActiveCfg = Release|Any CPU
		{48520BB9-8272-4720-9B68-13E2F782AA0A}.Release|iPhoneSimulator.Build.0 = Release|Any CPU
		{48520BB9-8272-4720-9B68-13E2F782AA0A}.Release|iPhoneSimulator.Deploy.0 = Release|Any CPU
	EndGlobalSection
	GlobalSection(SolutionProperties) = preSolution
		HideSolutionNode = FALSE
	EndGlobalSection
	GlobalSection(ExtensibilityGlobals) = postSolution
		SolutionGuid = {020A6000-92AC-443B-AB9B-C34513F92FDE}
	EndGlobalSection
EndGlobal
